{
  "nodes": {
    "alejandra": {
      "inputs": {
        "flakeCompat": "flakeCompat",
        "nixpkgs": [
          "circuithub-nixos-configurations",
          "nixpkgs"
        ]
      },
      "locked": {
        "lastModified": 1647993668,
        "narHash": "sha256-PBFmxE4lGktnrEEqEXJ05noQJ5+LtECJgrH9LdAx0xc=",
        "owner": "rehno-lindeque",
        "repo": "alejandra",
        "rev": "461da9509f95216ea89bfec3f270fbcd507543fa",
        "type": "github"
      },
      "original": {
        "owner": "rehno-lindeque",
        "repo": "alejandra",
        "rev": "461da9509f95216ea89bfec3f270fbcd507543fa",
        "type": "github"
      }
    },
    "circuithub-nixos-configurations": {
      "inputs": {
        "alejandra": "alejandra",
        "flake-help": [
          "flake-help"
        ],
        "flake-utils": [
          "flake-utils"
        ],
        "nixpkgs": [
          "nixpkgs-unstable"
        ]
      },
      "locked": {
        "lastModified": 1649104672,
        "narHash": "sha256-NrAzSqZSb1QZ3JYSgQf94ceuC9blRhfupmwh3ADpHNc=",
        "ref": "refs/heads/master",
        "rev": "f3e16c287959f255bcba8d5d2de169c69b8a4205",
        "revCount": 8,
        "type": "git",
        "url": "ssh://git@github.com/circuithub/nixos-configurations.git"
      },
      "original": {
        "type": "git",
        "url": "ssh://git@github.com/circuithub/nixos-configurations.git"
      }
    },
    "flake-help": {
      "locked": {
        "lastModified": 1643222028,
        "narHash": "sha256-HyNlXjN5D/fRw341r7mg0V1gixyKx1Eis5JPThLzI90=",
        "owner": "rehno-lindeque",
        "repo": "flake-help",
        "rev": "dd85539a7c1a0530f9084869958c64cf914116c2",
        "type": "github"
      },
      "original": {
        "owner": "rehno-lindeque",
        "repo": "flake-help",
        "type": "github"
      }
    },
    "flake-utils": {
      "locked": {
        "lastModified": 1652776076,
        "narHash": "sha256-gzTw/v1vj4dOVbpBSJX4J0DwUR6LIyXo7/SuuTJp1kM=",
        "owner": "numtide",
        "repo": "flake-utils",
        "rev": "04c1b180862888302ddfb2e3ad9eaa63afc60cf8",
        "type": "github"
      },
      "original": {
        "owner": "numtide",
        "repo": "flake-utils",
        "type": "github"
      }
    },
    "flakeCompat": {
      "flake": false,
      "locked": {
        "lastModified": 1641205782,
        "narHash": "sha256-4jY7RCWUoZ9cKD8co0/4tFARpWB+57+r1bLLvXNJliY=",
        "owner": "edolstra",
        "repo": "flake-compat",
        "rev": "b7547d3eed6f32d06102ead8991ec52ab0a4f1a7",
        "type": "github"
      },
      "original": {
        "owner": "edolstra",
        "repo": "flake-compat",
        "type": "github"
      }
    },
    "home-manager": {
      "inputs": {
        "nixpkgs": [
          "nixpkgs-unstable"
        ]
      },
      "locked": {
        "lastModified": 1653518057,
        "narHash": "sha256-cam3Nfae5ADeEs6mRPzr0jXB7+DhyMIXz0/0Q13r/yk=",
        "owner": "nix-community",
        "repo": "home-manager",
        "rev": "64831f938bd413cefde0b0cf871febc494afaa4f",
        "type": "github"
      },
      "original": {
        "owner": "nix-community",
        "ref": "release-22.05",
        "repo": "home-manager",
        "type": "github"
      }
    },
    "impermanence": {
      "locked": {
        "lastModified": 1646131459,
        "narHash": "sha256-GPmgxvUFvQ1GmsGfWHy9+rcxWrczeDhS9XnAIPHi9XQ=",
        "owner": "nix-community",
        "repo": "impermanence",
        "rev": "2f39baeb7d039fda5fc8225111bb79474138e6f4",
        "type": "github"
      },
      "original": {
        "owner": "nix-community",
        "repo": "impermanence",
        "type": "github"
      }
    },
    "my-dev-shells": {
      "inputs": {
        "flake-utils": [
          "flake-utils"
        ],
        "nixpkgs-unstable": [
          "nixpkgs-unstable"
        ]
      },
      "locked": {
        "lastModified": 1,
        "narHash": "sha256-jDlgXqyv5luHn7f7ZyT0c1rRTdbFyJmgcTleSncQxHg=",
        "path": "./my-dev-shells",
        "type": "path"
      },
      "original": {
        "path": "./my-dev-shells",
        "type": "path"
      }
    },
    "my-nixos-configurations": {
      "inputs": {
        "circuithub-nixos-configurations": [
          "circuithub-nixos-configurations"
        ],
        "flake-help": [
          "flake-help"
        ],
        "flake-utils": [
          "flake-utils"
        ],
        "home-manager": [
          "home-manager"
        ],
        "impermanence": "impermanence",
        "nixos-impermanence": "nixos-impermanence",
        "nixpkgs-shim": [
          "nixpkgs-shim"
        ],
        "nixpkgs-shim-images": "nixpkgs-shim-images",
        "nixpkgs-stable": [
          "nixpkgs-stable"
        ],
        "nixpkgs-unstable": [
          "nixpkgs-unstable"
        ]
      },
      "locked": {
        "lastModified": 1,
        "narHash": "sha256-D6pvFm5azX49OzjxgPZd4pNM4zRW4hSZT6dK20RIWKg=",
        "path": "./my-nixos-configurations",
        "type": "path"
      },
      "original": {
        "path": "./my-nixos-configurations",
        "type": "path"
      }
    },
    "nixos-impermanence": {
      "inputs": {
        "impermanence": [
          "my-nixos-configurations",
          "impermanence"
        ],
        "nixpkgs": [
          "my-nixos-configurations",
          "nixpkgs-unstable"
        ]
      },
      "locked": {
        "lastModified": 1653500935,
        "narHash": "sha256-W3RGW19S4Z7AUfqki+0u4C6K1+kdxIsWgQMwfkx3ivk=",
        "owner": "rehno-lindeque",
        "repo": "nixos-impermanence",
        "rev": "8d4d76ef1382412a79a716737db714aabde86255",
        "type": "github"
      },
      "original": {
        "owner": "rehno-lindeque",
        "ref": "wip",
        "repo": "nixos-impermanence",
        "type": "github"
      }
    },
    "nixpkgs": {
      "locked": {
        "lastModified": 1647282937,
        "narHash": "sha256-K8Oo6QyFCfiEWTRpQVfzcwI3YNMKlz6Tu8rr+o3rzRQ=",
        "owner": "nixos",
        "repo": "nixpkgs",
        "rev": "64fc73bd74f04d3e10cb4e70e1c65b92337e76db",
        "type": "github"
      },
      "original": {
        "owner": "nixos",
        "ref": "nixos-21.11",
        "repo": "nixpkgs",
        "type": "github"
      }
    },
    "nixpkgs-shim": {
      "inputs": {
        "nixpkgs": [
          "nixpkgs-unstable"
        ],
        "nixpkgs-shim-images": [
          "nixpkgs-shim-images"
        ],
        "nixpkgs-shim-modules": "nixpkgs-shim-modules",
        "nixpkgs-shim-profiles": "nixpkgs-shim-profiles"
      },
      "locked": {
        "lastModified": 1652668977,
        "narHash": "sha256-qmSTJWAHDpafKX3fN6INGwY7hRNxSjHa3QPYG7MKF0c=",
        "owner": "rehno-lindeque",
        "repo": "nixpkgs-shim",
        "rev": "45728a61fad7a9f03409fc0e8e652a7f99bb3663",
        "type": "github"
      },
      "original": {
        "owner": "rehno-lindeque",
        "repo": "nixpkgs-shim",
        "type": "github"
      }
    },
    "nixpkgs-shim-images": {
      "inputs": {
        "nixpkgs": "nixpkgs"
      },
      "locked": {
        "lastModified": 1649271740,
        "narHash": "sha256-2LTfKY3V7N07M4El13zp2PdmwdIv10kc7NgE8hEFTBQ=",
        "owner": "rehno-lindeque",
        "repo": "nixpkgs-shim-images",
        "rev": "fc365e485d98dcc1e8f278654618b8edf3424b03",
        "type": "github"
      },
      "original": {
        "owner": "rehno-lindeque",
        "repo": "nixpkgs-shim-images",
        "rev": "fc365e485d98dcc1e8f278654618b8edf3424b03",
        "type": "github"
      }
    },
    "nixpkgs-shim-images_2": {
      "inputs": {
        "nixpkgs": [
          "nixpkgs-unstable"
        ]
      },
      "locked": {
        "lastModified": 1649271740,
        "narHash": "sha256-2LTfKY3V7N07M4El13zp2PdmwdIv10kc7NgE8hEFTBQ=",
        "owner": "rehno-lindeque",
        "repo": "nixpkgs-shim-images",
        "rev": "fc365e485d98dcc1e8f278654618b8edf3424b03",
        "type": "github"
      },
      "original": {
        "owner": "rehno-lindeque",
        "repo": "nixpkgs-shim-images",
        "rev": "fc365e485d98dcc1e8f278654618b8edf3424b03",
        "type": "github"
      }
    },
    "nixpkgs-shim-modules": {
      "inputs": {
        "nixpkgs": [
          "nixpkgs-shim",
          "nixpkgs"
        ]
      },
      "locked": {
        "lastModified": 1,
        "narHash": "sha256-167sNL43ZhTAR9B4MsT5Vw3hiRivbs4TRVgzLEtKMGU=",
        "path": "./nixpkgs-shim-modules",
        "type": "path"
      },
      "original": {
        "path": "./nixpkgs-shim-modules",
        "type": "path"
      }
    },
    "nixpkgs-shim-profiles": {
      "inputs": {
        "nixpkgs": [
          "nixpkgs-shim",
          "nixpkgs"
        ]
      },
      "locked": {
        "lastModified": 1,
        "narHash": "sha256-tFZ2JgxEgyRXuWhMKXwRr9x9cyf6tcHeG0ioJaQqHzY=",
        "path": "./nixpkgs-shim-profiles",
        "type": "path"
      },
      "original": {
        "path": "./nixpkgs-shim-profiles",
        "type": "path"
      }
    },
    "nixpkgs-stable": {
      "locked": {
        "lastModified": 1653229824,
        "narHash": "sha256-klSCYMpR4TqWYoTD/xZ2qM9UIPRFC6pK+S/kJuVLbFw=",
        "owner": "nixos",
        "repo": "nixpkgs",
        "rev": "06db2e2197401b74fcf82d4e84be15b0b5851c7b",
        "type": "github"
      },
      "original": {
        "owner": "nixos",
        "ref": "nixos-21.11",
        "repo": "nixpkgs",
        "type": "github"
      }
    },
    "nixpkgs-unstable": {
      "locked": {
        "lastModified": 1653576416,
        "narHash": "sha256-mS8qiskMFn4+gwfHxsDc+1CMRMa52JWH0YmQEcwn/to=",
        "owner": "nixos",
        "repo": "nixpkgs",
        "rev": "67cdf5099ce95e208d1839bcd2eda33c72d14c6e",
        "type": "github"
      },
      "original": {
        "owner": "nixos",
        "ref": "release-22.05",
        "repo": "nixpkgs",
        "type": "github"
      }
    },
    "root": {
      "inputs": {
        "circuithub-nixos-configurations": "circuithub-nixos-configurations",
        "flake-help": "flake-help",
        "flake-utils": "flake-utils",
        "home-manager": "home-manager",
        "my-dev-shells": "my-dev-shells",
        "my-nixos-configurations": "my-nixos-configurations",
        "nixpkgs-shim": "nixpkgs-shim",
        "nixpkgs-shim-images": "nixpkgs-shim-images_2",
        "nixpkgs-stable": "nixpkgs-stable",
        "nixpkgs-unstable": "nixpkgs-unstable"
      }
    }
  },
  "root": "root",
  "version": 7
}
