{
  "nodes": {
    "nixpkgs": {
      "locked": {
        "lastModified": 1647006242,
        "narHash": "sha256-8vmXnvipjYyk8/iMmPivjYOw4Eyce8ZrmqPwHJoB3FA=",
        "owner": "rehno-lindeque",
        "repo": "nixpkgs",
        "rev": "77d6ab5f834ccb8e5155a8fd86089ff4e3add391",
        "type": "github"
      },
      "original": {
        "owner": "rehno-lindeque",
        "ref": "flake-profile-modules",
        "repo": "nixpkgs",
        "type": "github"
      }
    },
    "root": {
      "inputs": {
        "nixpkgs": "nixpkgs"
      }
    }
  },
  "root": "root",
  "version": 7
}
