{
  "nodes": {
    "nixpkgs-unstable": {
      "locked": {
        "lastModified": 1659376149,
        "narHash": "sha256-zq9SD8mnDOeC+ngabdM/Vh2tURa1dxiT+2L55hvGA0Q=",
        "owner": "NixOS",
        "repo": "nixpkgs",
        "rev": "cb57a28b01ad2e89991d786b21c9d0f477fd73c2",
        "type": "github"
      },
      "original": {
        "owner": "NixOS",
        "repo": "nixpkgs",
        "type": "github"
      }
    },
    "root": {
      "inputs": {
        "nixpkgs-unstable": "nixpkgs-unstable"
      }
    }
  },
  "root": "root",
  "version": 7
}
