{
  "nodes": {
    "nixpkgs-unstable": {
      "locked": {
        "lastModified": 1660593902,
        "narHash": "sha256-WlRs87QgbVeC6WwJQ/bgwrRPwvlRq9BhIkb/t52iWaA=",
        "owner": "NixOS",
        "repo": "nixpkgs",
        "rev": "2277556362e175af2715062a9a17170fb2ae8984",
        "type": "github"
      },
      "original": {
        "owner": "NixOS",
        "repo": "nixpkgs",
        "type": "github"
      }
    },
    "root": {
      "inputs": {
        "nixpkgs-unstable": "nixpkgs-unstable"
      }
    }
  },
  "root": "root",
  "version": 7
}
