{
  "nodes": {
    "base16-schemes": {
      "flake": false,
      "locked": {
        "lastModified": 1696158499,
        "narHash": "sha256-5yIHgDTPjoX/3oDEfLSQ0eJZdFL1SaCfb9d6M0RmOTM=",
        "owner": "tinted-theming",
        "repo": "base16-schemes",
        "rev": "a9112eaae86d9dd8ee6bb9445b664fba2f94037a",
        "type": "github"
      },
      "original": {
        "owner": "tinted-theming",
        "repo": "base16-schemes",
        "type": "github"
      }
    },
    "circuithub-nixos-configurations": {
      "inputs": {
        "flake-help": [
          "flake-help"
        ],
        "nixpkgs": [
          "nixpkgs-stable"
        ]
      },
      "locked": {
        "lastModified": 1677768783,
        "narHash": "sha256-ySuTn1BLCP74S1CFQc5JAIMED0CsuTHkE7mC7M+JKWI=",
        "ref": "refs/heads/master",
        "rev": "f2a4361105ec2d857a72ee8ce21f01cdfa77d08e",
        "revCount": 17,
        "type": "git",
        "url": "ssh://git@github.com/circuithub/nixos-configurations.git"
      },
      "original": {
        "type": "git",
        "url": "ssh://git@github.com/circuithub/nixos-configurations.git"
      }
    },
    "flake-help": {
      "locked": {
        "lastModified": 1643222028,
        "narHash": "sha256-HyNlXjN5D/fRw341r7mg0V1gixyKx1Eis5JPThLzI90=",
        "owner": "rehno-lindeque",
        "repo": "flake-help",
        "rev": "dd85539a7c1a0530f9084869958c64cf914116c2",
        "type": "github"
      },
      "original": {
        "owner": "rehno-lindeque",
        "repo": "flake-help",
        "type": "github"
      }
    },
    "flake-utils": {
      "inputs": {
        "systems": "systems"
      },
      "locked": {
        "lastModified": 1681202837,
        "narHash": "sha256-H+Rh19JDwRtpVPAWp64F+rlEtxUWBAQW28eAi3SRSzg=",
        "owner": "numtide",
        "repo": "flake-utils",
        "rev": "cfacdce06f30d2b68473a46042957675eebb3401",
        "type": "github"
      },
      "original": {
        "owner": "numtide",
        "repo": "flake-utils",
        "type": "github"
      }
    },
    "home-manager": {
      "inputs": {
        "nixpkgs": [
          "nixpkgs-stable"
        ]
      },
      "locked": {
        "lastModified": 1747556831,
        "narHash": "sha256-Qb84nbYFFk0DzFeqVoHltS2RodAYY5/HZQKE8WnBDsc=",
        "owner": "nix-community",
        "repo": "home-manager",
        "rev": "d0bbd221482c2713cccb80220f3c9d16a6e20a33",
        "type": "github"
      },
      "original": {
        "owner": "nix-community",
        "ref": "release-25.05",
        "repo": "home-manager",
        "type": "github"
      }
    },
    "impermanence": {
      "locked": {
        "lastModified": 1737831083,
        "narHash": "sha256-LJggUHbpyeDvNagTUrdhe/pRVp4pnS6wVKALS782gRI=",
        "owner": "nix-community",
        "repo": "impermanence",
        "rev": "4b3e914cdf97a5b536a889e939fb2fd2b043a170",
        "type": "github"
      },
      "original": {
        "owner": "nix-community",
        "repo": "impermanence",
        "type": "github"
      }
    },
    "nix-colors": {
      "inputs": {
        "base16-schemes": "base16-schemes",
        "nixpkgs-lib": [
          "nixpkgs-stable"
        ]
      },
      "locked": {
        "lastModified": 1707825078,
        "narHash": "sha256-hTfge2J2W+42SZ7VHXkf4kjU+qzFqPeC9k66jAUBMHk=",
        "owner": "misterio77",
        "repo": "nix-colors",
        "rev": "b01f024090d2c4fc3152cd0cf12027a7b8453ba1",
        "type": "github"
      },
      "original": {
        "owner": "misterio77",
        "repo": "nix-colors",
        "type": "github"
      }
    },
    "nixos-hardware": {
      "locked": {
        "lastModified": 1747129300,
        "narHash": "sha256-L3clA5YGeYCF47ghsI7Tcex+DnaaN/BbQ4dR2wzoiKg=",
        "owner": "nixos",
        "repo": "nixos-hardware",
        "rev": "e81fd167b33121269149c57806599045fd33eeed",
        "type": "github"
      },
      "original": {
        "owner": "nixos",
        "repo": "nixos-hardware",
        "type": "github"
      }
    },
    "nixos-impermanence": {
      "inputs": {
        "impermanence": [
          "impermanence"
        ],
        "nixpkgs": [
          "nixpkgs-stable"
        ]
      },
      "locked": {
        "lastModified": 1739294693,
        "narHash": "sha256-vEwYJeaySGY2hjJpTlvCgDk1T0qPygdHJj8V1q0xwzA=",
        "owner": "rehno-lindeque",
        "repo": "nixos-impermanence",
        "rev": "5b421b015f1ab8942f4282e228feebc26e4d7926",
        "type": "github"
      },
      "original": {
        "owner": "rehno-lindeque",
        "repo": "nixos-impermanence",
        "type": "github"
      }
    },
    "nixpkgs-stable": {
      "locked": {
        "lastModified": 1745845665,
        "narHash": "sha256-ZOPEKAHMbi6xaW0cgcyJQKUfVkws833LWBgeKj1V8Uw=",
        "owner": "nixos",
        "repo": "nixpkgs",
        "rev": "6aaa3618ae99d72a2bfa8de218669ad5a42ed182",
        "type": "github"
      },
      "original": {
        "owner": "nixos",
        "repo": "nixpkgs",
        "rev": "6aaa3618ae99d72a2bfa8de218669ad5a42ed182",
        "type": "github"
      }
    },
    "nixpkgs-unstable": {
      "locked": {
        "lastModified": 1747744144,
        "narHash": "sha256-W7lqHp0qZiENCDwUZ5EX/lNhxjMdNapFnbErcbnP11Q=",
        "owner": "nixos",
        "repo": "nixpkgs",
        "rev": "2795c506fe8fb7b03c36ccb51f75b6df0ab2553f",
        "type": "github"
      },
      "original": {
        "owner": "nixos",
        "ref": "nixos-unstable",
        "repo": "nixpkgs",
        "type": "github"
      }
    },
    "root": {
      "inputs": {
        "circuithub-nixos-configurations": "circuithub-nixos-configurations",
        "flake-help": "flake-help",
        "home-manager": "home-manager",
        "impermanence": "impermanence",
        "nix-colors": "nix-colors",
        "nixos-hardware": "nixos-hardware",
        "nixos-impermanence": "nixos-impermanence",
        "nixpkgs-stable": "nixpkgs-stable",
        "nixpkgs-unstable": "nixpkgs-unstable",
        "voxinput": "voxinput",
        "vscode-server": "vscode-server",
        "whisper-model": "whisper-model"
      }
    },
    "systems": {
      "locked": {
        "lastModified": 1681028828,
        "narHash": "sha256-Vy1rq5AaRuLzOxct8nz4T6wlgyUR7zLU309k9mBC768=",
        "owner": "nix-systems",
        "repo": "default",
        "rev": "da67096a3b9bf56a91d16901293e51ba5b49a27e",
        "type": "github"
      },
      "original": {
        "owner": "nix-systems",
        "repo": "default",
        "type": "github"
      }
    },
    "voxinput": {
      "inputs": {
        "nixpkgs": [
          "nixpkgs-stable"
        ]
      },
      "locked": {
        "lastModified": 1747950669,
        "narHash": "sha256-RLOJlYqbyzM3zjDKJKRmQqHqaZIp8zZw8KflWlmg7Uk=",
        "owner": "rehno-lindeque",
        "repo": "VoxInput",
        "rev": "79102ce81258493c85e9a7ed4b28327fb9813318",
        "type": "github"
      },
      "original": {
        "owner": "rehno-lindeque",
        "ref": "patch-1",
        "repo": "VoxInput",
        "type": "github"
      }
    },
    "vscode-server": {
      "inputs": {
        "flake-utils": "flake-utils",
        "nixpkgs": [
          "nixpkgs-stable"
        ]
      },
      "locked": {
        "lastModified": 1729422940,
        "narHash": "sha256-DlvJv33ml5UTKgu4b0HauOfFIoDx6QXtbqUF3vWeRCY=",
        "owner": "nix-community",
        "repo": "nixos-vscode-server",
        "rev": "8b6db451de46ecf9b4ab3d01ef76e59957ff549f",
        "type": "github"
      },
      "original": {
        "owner": "nix-community",
        "repo": "nixos-vscode-server",
        "type": "github"
      }
    }
  },
  "root": "root",
  "version": 7
}
