{
  "nodes": {
    "circuithub-nixos-profiles": {
      "inputs": {
        "nixpkgs": "nixpkgs"
      },
      "locked": {
        "lastModified": 1647121046,
        "narHash": "sha256-tJEi75KBUV991a6iqidHdt5pwCqLJKRkDjdfjQdYWIY=",
        "ref": "master",
        "rev": "12e651ad4f5ebd9a5a3db114e8e49368ec2864ce",
        "revCount": 1,
        "type": "git",
        "url": "ssh://git@github.com/circuithub/nixos-profiles.git"
      },
      "original": {
        "type": "git",
        "url": "ssh://git@github.com/circuithub/nixos-profiles.git"
      }
    },
    "flake-help": {
      "locked": {
        "lastModified": 1643222028,
        "narHash": "sha256-HyNlXjN5D/fRw341r7mg0V1gixyKx1Eis5JPThLzI90=",
        "owner": "rehno-lindeque",
        "repo": "flake-help",
        "rev": "dd85539a7c1a0530f9084869958c64cf914116c2",
        "type": "github"
      },
      "original": {
        "owner": "rehno-lindeque",
        "repo": "flake-help",
        "type": "github"
      }
    },
    "flake-utils": {
      "locked": {
        "lastModified": 1644229661,
        "narHash": "sha256-1YdnJAsNy69bpcjuoKdOYQX0YxZBiCYZo4Twxerqv7k=",
        "owner": "numtide",
        "repo": "flake-utils",
        "rev": "3cecb5b042f7f209c56ffd8371b2711a290ec797",
        "type": "github"
      },
      "original": {
        "owner": "numtide",
        "repo": "flake-utils",
        "type": "github"
      }
    },
    "nixpkgs": {
      "locked": {
        "lastModified": 1647350163,
        "narHash": "sha256-OcMI+PFEHTONthXuEQNddt16Ml7qGvanL3x8QOl2Aao=",
        "owner": "NixOS",
        "repo": "nixpkgs",
        "rev": "3eb07eeafb52bcbf02ce800f032f18d666a9498d",
        "type": "github"
      },
      "original": {
        "id": "nixpkgs",
        "type": "indirect"
      }
    },
    "nixpkgs-shim": {
      "inputs": {
        "nixpkgs": [
          "nixpkgs-stable"
        ],
        "nixpkgs-shim-images": "nixpkgs-shim-images",
        "nixpkgs-shim-profiles": "nixpkgs-shim-profiles"
      },
      "locked": {
        "lastModified": 1647458605,
        "narHash": "sha256-7gI98CH33sBi6oGWQ1BrVmZ8C0gmM3ow0XiTSG+33hk=",
        "owner": "rehno-lindeque",
        "repo": "nixpkgs-shim",
        "rev": "b31cb73d6bc89e0dc8721a9c7dbe033538409cf1",
        "type": "github"
      },
      "original": {
        "owner": "rehno-lindeque",
        "repo": "nixpkgs-shim",
        "type": "github"
      }
    },
    "nixpkgs-shim-images": {
      "inputs": {
        "nixpkgs": [
          "nixpkgs-shim",
          "nixpkgs"
        ]
      },
      "locked": {
        "lastModified": 1647446752,
        "narHash": "sha256-chzipDrWoTbQtDdcNMASuUcw+TXQRNZ1S4tM8iAFgsM=",
        "owner": "rehno-lindeque",
        "repo": "nixpkgs-shim-images",
        "rev": "f747aabeb560dfd3970d9864dd9cabb187f8ce80",
        "type": "github"
      },
      "original": {
        "owner": "rehno-lindeque",
        "repo": "nixpkgs-shim-images",
        "type": "github"
      }
    },
    "nixpkgs-shim-profiles": {
      "inputs": {
        "nixpkgs": [
          "nixpkgs-shim",
          "nixpkgs"
        ]
      },
      "locked": {
        "lastModified": 1647458553,
        "narHash": "sha256-dUFqgmNYqB8RlPMJX30U2TAehAhdB3QyLY7udba+9YA=",
        "owner": "rehno-lindeque",
        "repo": "nixpkgs-shim-profiles",
        "rev": "43ed67b90a86a1be86da334ed9178b08fe1bceb0",
        "type": "github"
      },
      "original": {
        "owner": "rehno-lindeque",
        "repo": "nixpkgs-shim-profiles",
        "type": "github"
      }
    },
    "nixpkgs-stable": {
      "locked": {
        "lastModified": 1647282937,
        "narHash": "sha256-K8Oo6QyFCfiEWTRpQVfzcwI3YNMKlz6Tu8rr+o3rzRQ=",
        "owner": "nixos",
        "repo": "nixpkgs",
        "rev": "64fc73bd74f04d3e10cb4e70e1c65b92337e76db",
        "type": "github"
      },
      "original": {
        "owner": "nixos",
        "ref": "nixos-21.11",
        "repo": "nixpkgs",
        "type": "github"
      }
    },
    "root": {
      "inputs": {
        "circuithub-nixos-profiles": "circuithub-nixos-profiles",
        "flake-help": "flake-help",
        "flake-utils": "flake-utils",
        "nixpkgs-shim": "nixpkgs-shim",
        "nixpkgs-stable": "nixpkgs-stable"
      }
    }
  },
  "root": "root",
  "version": 7
}
